
Microsoft Visual Studio Solution File, Format Version 12.00
# Visual Studio Version 16
VisualStudioVersion = 16.0.30128.74
MinimumVisualStudioVersion = 10.0.40219.1
Project("{FAE04EC0-301F-11D3-BF4B-00C04F79EFBC}") = "TestDrive.Android", "TestDrive\TestDrive.Android\TestDrive.Android.csproj", "{52CCFDF9-F7E6-4753-AC3E-DE3C97F2D99C}"
EndProject
Project("{FAE04EC0-301F-11D3-BF4B-00C04F79EFBC}") = "TestDrive", "TestDrive\TestDrive\TestDrive.csproj", "{1C04DCCD-8780-4B3F-987D-133E5F46B944}"
EndProject
Global
	GlobalSection(SolutionConfigurationPlatforms) = preSolution
		Debug|Any CPU = Debug|Any CPU
		Release|Any CPU = Release|Any CPU
	EndGlobalSection
	GlobalSection(ProjectConfigurationPlatforms) = postSolution
		{52CCFDF9-F7E6-4753-AC3E-DE3C97F2D99C}.Debug|Any CPU.ActiveCfg = Debug|Any CPU
		{52CCFDF9-F7E6-4753-AC3E-DE3C97F2D99C}.Debug|Any CPU.Build.0 = Debug|Any CPU
		{52CCFDF9-F7E6-4753-AC3E-DE3C97F2D99C}.Debug|Any CPU.Deploy.0 = Debug|Any CPU
		{52CCFDF9-F7E6-4753-AC3E-DE3C97F2D99C}.Release|Any CPU.ActiveCfg = Release|Any CPU
		{52CCFDF9-F7E6-4753-AC3E-DE3C97F2D99C}.Release|Any CPU.Build.0 = Release|Any CPU
		{52CCFDF9-F7E6-4753-AC3E-DE3C97F2D99C}.Release|Any CPU.Deploy.0 = Release|Any CPU
		{1C04DCCD-8780-4B3F-987D-133E5F46B944}.Debug|Any CPU.ActiveCfg = Debug|Any CPU
		{1C04DCCD-8780-4B3F-987D-133E5F46B944}.Debug|Any CPU.Build.0 = Debug|Any CPU
		{1C04DCCD-8780-4B3F-987D-133E5F46B944}.Debug|Any CPU.Deploy.0 = Debug|Any CPU
		{1C04DCCD-8780-4B3F-987D-133E5F46B944}.Release|Any CPU.ActiveCfg = Release|Any CPU
		{1C04DCCD-8780-4B3F-987D-133E5F46B944}.Release|Any CPU.Build.0 = Release|Any CPU
		{1C04DCCD-8780-4B3F-987D-133E5F46B944}.Release|Any CPU.Deploy.0 = Release|Any CPU
	EndGlobalSection
	GlobalSection(SolutionProperties) = preSolution
		HideSolutionNode = FALSE
	EndGlobalSection
	GlobalSection(ExtensibilityGlobals) = postSolution
		SolutionGuid = {2911D8B3-6AE0-46A9-8825-82625238F5D3}
	EndGlobalSection
EndGlobal
